
Microsoft Visual Studio Solution File, Format Version 12.00
# Visual Studio 15
VisualStudioVersion = 15.0.28306.52
MinimumVisualStudioVersion = 10.0.40219.1
Project("{FAE04EC0-301F-11D3-BF4B-00C04F79EFBC}") = "NumberGuesser", "NumberGuesser\NumberGuesser.csproj", "{36EDD9D9-4A6A-438F-9363-02A4A115E40C}"
	ProjectSection(ProjectDependencies) = postProject
		{2B481C4D-E252-4708-91AD-2D3812EF3A9A} = {2B481C4D-E252-4708-91AD-2D3812EF3A9A}
	EndProjectSection
EndProject
Project("{FAE04EC0-301F-11D3-BF4B-00C04F79EFBC}") = "DataAccess", "DataAccess\DataAccess.csproj", "{2B481C4D-E252-4708-91AD-2D3812EF3A9A}"
EndProject
Global
	GlobalSection(SolutionConfigurationPlatforms) = preSolution
		Debug|Any CPU = Debug|Any CPU
		Release|Any CPU = Release|Any CPU
	EndGlobalSection
	GlobalSection(ProjectConfigurationPlatforms) = postSolution
		{36EDD9D9-4A6A-438F-9363-02A4A115E40C}.Debug|Any CPU.ActiveCfg = Debug|Any CPU
		{36EDD9D9-4A6A-438F-9363-02A4A115E40C}.Debug|Any CPU.Build.0 = Debug|Any CPU
		{36EDD9D9-4A6A-438F-9363-02A4A115E40C}.Release|Any CPU.ActiveCfg = Release|Any CPU
		{36EDD9D9-4A6A-438F-9363-02A4A115E40C}.Release|Any CPU.Build.0 = Release|Any CPU
		{2B481C4D-E252-4708-91AD-2D3812EF3A9A}.Debug|Any CPU.ActiveCfg = Debug|Any CPU
		{2B481C4D-E252-4708-91AD-2D3812EF3A9A}.Debug|Any CPU.Build.0 = Debug|Any CPU
		{2B481C4D-E252-4708-91AD-2D3812EF3A9A}.Release|Any CPU.ActiveCfg = Release|Any CPU
		{2B481C4D-E252-4708-91AD-2D3812EF3A9A}.Release|Any CPU.Build.0 = Release|Any CPU
	EndGlobalSection
	GlobalSection(SolutionProperties) = preSolution
		HideSolutionNode = FALSE
	EndGlobalSection
	GlobalSection(ExtensibilityGlobals) = postSolution
		SolutionGuid = {7C5B8C87-F908-4969-B754-18AD725184EB}
	EndGlobalSection
EndGlobal
